// !$*UTF8*$!
{
	archiveVersion = 1;
	classes = {
	};
	objectVersion = 55;
	objects = {

/* Begin PBXBuildFile section */
		BF9630CB28B692530009F536 /* helloSwiftUIApp.swift in Sources */ = {isa = PBXBuildFile; fileRef = BF9630CA28B692530009F536 /* helloSwiftUIApp.swift */; };
		BF9630CD28B692530009F536 /* ContentView.swift in Sources */ = {isa = PBXBuildFile; fileRef = BF9630CC28B692530009F536 /* ContentView.swift */; };
		BF9630CF28B692550009F536 /* Assets.xcassets in Resources */ = {isa = PBXBuildFile; fileRef = BF9630CE28B692550009F536 /* Assets.xcassets */; };
		BF9630D228B692550009F536 /* Preview Assets.xcassets in Resources */ = {isa = PBXBuildFile; fileRef = BF9630D128B692550009F536 /* Preview Assets.xcassets */; };
		BF9630DC28B692550009F536 /* helloSwiftUITests.swift in Sources */ = {isa = PBXBuildFile; fileRef = BF9630DB28B692550009F536 /* helloSwiftUITests.swift */; };
		BF9630E628B692550009F536 /* helloSwiftUIUITests.swift in Sources */ = {isa = PBXBuildFile; fileRef = BF9630E528B692550009F536 /* helloSwiftUIUITests.swift */; };
		BF9630E828B692550009F536 /* helloSwiftUIUITestsLaunchTests.swift in Sources */ = {isa = PBXBuildFile; fileRef = BF9630E728B692550009F536 /* helloSwiftUIUITestsLaunchTests.swift */; };
		BF9630F628B69A0B0009F536 /* Town.swift in Sources */ = {isa = PBXBuildFile; fileRef = BF9630F528B69A0B0009F536 /* Town.swift */; };
/* End PBXBuildFile section */

/* Begin PBXContainerItemProxy section */
		BF9630D828B692550009F536 /* PBXContainerItemProxy */ = {
			isa = PBXContainerItemProxy;
			containerPortal = BF9630BF28B692530009F536 /* Project object */;
			proxyType = 1;
			remoteGlobalIDString = BF9630C628B692530009F536;
			remoteInfo = helloSwiftUI;
		};
		BF9630E228B692550009F536 /* PBXContainerItemProxy */ = {
			isa = PBXContainerItemProxy;
			containerPortal = BF9630BF28B692530009F536 /* Project object */;
			proxyType = 1;
			remoteGlobalIDString = BF9630C628B692530009F536;
			remoteInfo = helloSwiftUI;
		};
/* End PBXContainerItemProxy section */

/* Begin PBXFileReference section */
		BF9630C728B692530009F536 /* helloSwiftUI.app */ = {isa = PBXFileReference; explicitFileType = wrapper.application; includeInIndex = 0; path = helloSwiftUI.app; sourceTree = BUILT_PRODUCTS_DIR; };
		BF9630CA28B692530009F536 /* helloSwiftUIApp.swift */ = {isa = PBXFileReference; lastKnownFileType = sourcecode.swift; path = helloSwiftUIApp.swift; sourceTree = "<group>"; };
		BF9630CC28B692530009F536 /* ContentView.swift */ = {isa = PBXFileReference; lastKnownFileType = sourcecode.swift; path = ContentView.swift; sourceTree = "<group>"; };
		BF9630CE28B692550009F536 /* Assets.xcassets */ = {isa = PBXFileReference; lastKnownFileType = folder.assetcatalog; path = Assets.xcassets; sourceTree = "<group>"; };
		BF9630D128B692550009F536 /* Preview Assets.xcassets */ = {isa = PBXFileReference; lastKnownFileType = folder.assetcatalog; path = "Preview Assets.xcassets"; sourceTree = "<group>"; };
		BF9630D728B692550009F536 /* helloSwiftUITests.xctest */ = {isa = PBXFileReference; explicitFileType = wrapper.cfbundle; includeInIndex = 0; path = helloSwiftUITests.xctest; sourceTree = BUILT_PRODUCTS_DIR; };
		BF9630DB28B692550009F536 /* helloSwiftUITests.swift */ = {isa = PBXFileReference; lastKnownFileType = sourcecode.swift; path = helloSwiftUITests.swift; sourceTree = "<group>"; };
		BF9630E128B692550009F536 /* helloSwiftUIUITests.xctest */ = {isa = PBXFileReference; explicitFileType = wrapper.cfbundle; includeInIndex = 0; path = helloSwiftUIUITests.xctest; sourceTree = BUILT_PRODUCTS_DIR; };
		BF9630E528B692550009F536 /* helloSwiftUIUITests.swift */ = {isa = PBXFileReference; lastKnownFileType = sourcecode.swift; path = helloSwiftUIUITests.swift; sourceTree = "<group>"; };
		BF9630E728B692550009F536 /* helloSwiftUIUITestsLaunchTests.swift */ = {isa = PBXFileReference; lastKnownFileType = sourcecode.swift; path = helloSwiftUIUITestsLaunchTests.swift; sourceTree = "<group>"; };
		BF9630F528B69A0B0009F536 /* Town.swift */ = {isa = PBXFileReference; lastKnownFileType = sourcecode.swift; path = Town.swift; sourceTree = "<group>"; };
/* End PBXFileReference section */

/* Begin PBXFrameworksBuildPhase section */
		BF9630C428B692530009F536 /* Frameworks */ = {
			isa = PBXFrameworksBuildPhase;
			buildActionMask = 2147483647;
			files = (
			);
			runOnlyForDeploymentPostprocessing = 0;
		};
		BF9630D428B692550009F536 /* Frameworks */ = {
			isa = PBXFrameworksBuildPhase;
			buildActionMask = 2147483647;
			files = (
			);
			runOnlyForDeploymentPostprocessing = 0;
		};
		BF9630DE28B692550009F536 /* Frameworks */ = {
			isa = PBXFrameworksBuildPhase;
			buildActionMask = 2147483647;
			files = (
			);
			runOnlyForDeploymentPostprocessing = 0;
		};
/* End PBXFrameworksBuildPhase section */

/* Begin PBXGroup section */
		BF9630BE28B692530009F536 = {
			isa = PBXGroup;
			children = (
				BF9630C928B692530009F536 /* helloSwiftUI */,
				BF9630DA28B692550009F536 /* helloSwiftUITests */,
				BF9630E428B692550009F536 /* helloSwiftUIUITests */,
				BF9630C828B692530009F536 /* Products */,
			);
			sourceTree = "<group>";
		};
		BF9630C828B692530009F536 /* Products */ = {
			isa = PBXGroup;
			children = (
				BF9630C728B692530009F536 /* helloSwiftUI.app */,
				BF9630D728B692550009F536 /* helloSwiftUITests.xctest */,
				BF9630E128B692550009F536 /* helloSwiftUIUITests.xctest */,
			);
			name = Products;
			sourceTree = "<group>";
		};
		BF9630C928B692530009F536 /* helloSwiftUI */ = {
			isa = PBXGroup;
			children = (
				BF9630F428B699F50009F536 /* Town */,
				BF9630CA28B692530009F536 /* helloSwiftUIApp.swift */,
				BF9630CC28B692530009F536 /* ContentView.swift */,
				BF9630CE28B692550009F536 /* Assets.xcassets */,
				BF9630D028B692550009F536 /* Preview Content */,
			);
			path = helloSwiftUI;
			sourceTree = "<group>";
		};
		BF9630D028B692550009F536 /* Preview Content */ = {
			isa = PBXGroup;
			children = (
				BF9630D128B692550009F536 /* Preview Assets.xcassets */,
			);
			path = "Preview Content";
			sourceTree = "<group>";
		};
		BF9630DA28B692550009F536 /* helloSwiftUITests */ = {
			isa = PBXGroup;
			children = (
				BF9630DB28B692550009F536 /* helloSwiftUITests.swift */,
			);
			path = helloSwiftUITests;
			sourceTree = "<group>";
		};
		BF9630E428B692550009F536 /* helloSwiftUIUITests */ = {
			isa = PBXGroup;
			children = (
				BF9630E528B692550009F536 /* helloSwiftUIUITests.swift */,
				BF9630E728B692550009F536 /* helloSwiftUIUITestsLaunchTests.swift */,
			);
			path = helloSwiftUIUITests;
			sourceTree = "<group>";
		};
		BF9630F428B699F50009F536 /* Town */ = {
			isa = PBXGroup;
			children = (
				BF9630F528B69A0B0009F536 /* Town.swift */,
			);
			path = Town;
			sourceTree = "<group>";
		};
/* End PBXGroup section */

/* Begin PBXNativeTarget section */
		BF9630C628B692530009F536 /* helloSwiftUI */ = {
			isa = PBXNativeTarget;
			buildConfigurationList = BF9630EB28B692550009F536 /* Build configuration list for PBXNativeTarget "helloSwiftUI" */;
			buildPhases = (
				BF9630C328B692530009F536 /* Sources */,
				BF9630C428B692530009F536 /* Frameworks */,
				BF9630C528B692530009F536 /* Resources */,
			);
			buildRules = (
			);
			dependencies = (
			);
			name = helloSwiftUI;
			productName = helloSwiftUI;
			productReference = BF9630C728B692530009F536 /* helloSwiftUI.app */;
			productType = "com.apple.product-type.application";
		};
		BF9630D628B692550009F536 /* helloSwiftUITests */ = {
			isa = PBXNativeTarget;
			buildConfigurationList = BF9630EE28B692550009F536 /* Build configuration list for PBXNativeTarget "helloSwiftUITests" */;
			buildPhases = (
				BF9630D328B692550009F536 /* Sources */,
				BF9630D428B692550009F536 /* Frameworks */,
				BF9630D528B692550009F536 /* Resources */,
			);
			buildRules = (
			);
			dependencies = (
				BF9630D928B692550009F536 /* PBXTargetDependency */,
			);
			name = helloSwiftUITests;
			productName = helloSwiftUITests;
			productReference = BF9630D728B692550009F536 /* helloSwiftUITests.xctest */;
			productType = "com.apple.product-type.bundle.unit-test";
		};
		BF9630E028B692550009F536 /* helloSwiftUIUITests */ = {
			isa = PBXNativeTarget;
			buildConfigurationList = BF9630F128B692550009F536 /* Build configuration list for PBXNativeTarget "helloSwiftUIUITests" */;
			buildPhases = (
				BF9630DD28B692550009F536 /* Sources */,
				BF9630DE28B692550009F536 /* Frameworks */,
				BF9630DF28B692550009F536 /* Resources */,
			);
			buildRules = (
			);
			dependencies = (
				BF9630E328B692550009F536 /* PBXTargetDependency */,
			);
			name = helloSwiftUIUITests;
			productName = helloSwiftUIUITests;
			productReference = BF9630E128B692550009F536 /* helloSwiftUIUITests.xctest */;
			productType = "com.apple.product-type.bundle.ui-testing";
		};
/* End PBXNativeTarget section */

/* Begin PBXProject section */
		BF9630BF28B692530009F536 /* Project object */ = {
			isa = PBXProject;
			attributes = {
				BuildIndependentTargetsInParallel = 1;
				LastSwiftUpdateCheck = 1340;
				LastUpgradeCheck = 1340;
				TargetAttributes = {
					BF9630C628B692530009F536 = {
						CreatedOnToolsVersion = 13.4.1;
					};
					BF9630D628B692550009F536 = {
						CreatedOnToolsVersion = 13.4.1;
						TestTargetID = BF9630C628B692530009F536;
					};
					BF9630E028B692550009F536 = {
						CreatedOnToolsVersion = 13.4.1;
						TestTargetID = BF9630C628B692530009F536;
					};
				};
			};
			buildConfigurationList = BF9630C228B692530009F536 /* Build configuration list for PBXProject "helloSwiftUI" */;
			compatibilityVersion = "Xcode 13.0";
			developmentRegion = en;
			hasScannedForEncodings = 0;
			knownRegions = (
				en,
				Base,
			);
			mainGroup = BF9630BE28B692530009F536;
			productRefGroup = BF9630C828B692530009F536 /* Products */;
			projectDirPath = "";
			projectRoot = "";
			targets = (
				BF9630C628B692530009F536 /* helloSwiftUI */,
				BF9630D628B692550009F536 /* helloSwiftUITests */,
				BF9630E028B692550009F536 /* helloSwiftUIUITests */,
			);
		};
/* End PBXProject section */

/* Begin PBXResourcesBuildPhase section */
		BF9630C528B692530009F536 /* Resources */ = {
			isa = PBXResourcesBuildPhase;
			buildActionMask = 2147483647;
			files = (
				BF9630D228B692550009F536 /* Preview Assets.xcassets in Resources */,
				BF9630CF28B692550009F536 /* Assets.xcassets in Resources */,
			);
			runOnlyForDeploymentPostprocessing = 0;
		};
		BF9630D528B692550009F536 /* Resources */ = {
			isa = PBXResourcesBuildPhase;
			buildActionMask = 2147483647;
			files = (
			);
			runOnlyForDeploymentPostprocessing = 0;
		};
		BF9630DF28B692550009F536 /* Resources */ = {
			isa = PBXResourcesBuildPhase;
			buildActionMask = 2147483647;
			files = (
			);
			runOnlyForDeploymentPostprocessing = 0;
		};
/* End PBXResourcesBuildPhase section */

/* Begin PBXSourcesBuildPhase section */
		BF9630C328B692530009F536 /* Sources */ = {
			isa = PBXSourcesBuildPhase;
			buildActionMask = 2147483647;
			files = (
				BF9630F628B69A0B0009F536 /* Town.swift in Sources */,
				BF9630CD28B692530009F536 /* ContentView.swift in Sources */,
				BF9630CB28B692530009F536 /* helloSwiftUIApp.swift in Sources */,
			);
			runOnlyForDeploymentPostprocessing = 0;
		};
		BF9630D328B692550009F536 /* Sources */ = {
			isa = PBXSourcesBuildPhase;
			buildActionMask = 2147483647;
			files = (
				BF9630DC28B692550009F536 /* helloSwiftUITests.swift in Sources */,
			);
			runOnlyForDeploymentPostprocessing = 0;
		};
		BF9630DD28B692550009F536 /* Sources */ = {
			isa = PBXSourcesBuildPhase;
			buildActionMask = 2147483647;
			files = (
				BF9630E628B692550009F536 /* helloSwiftUIUITests.swift in Sources */,
				BF9630E828B692550009F536 /* helloSwiftUIUITestsLaunchTests.swift in Sources */,
			);
			runOnlyForDeploymentPostprocessing = 0;
		};
/* End PBXSourcesBuildPhase section */

/* Begin PBXTargetDependency section */
		BF9630D928B692550009F536 /* PBXTargetDependency */ = {
			isa = PBXTargetDependency;
			target = BF9630C628B692530009F536 /* helloSwiftUI */;
			targetProxy = BF9630D828B692550009F536 /* PBXContainerItemProxy */;
		};
		BF9630E328B692550009F536 /* PBXTargetDependency */ = {
			isa = PBXTargetDependency;
			target = BF9630C628B692530009F536 /* helloSwiftUI */;
			targetProxy = BF9630E228B692550009F536 /* PBXContainerItemProxy */;
		};
/* End PBXTargetDependency section */

/* Begin XCBuildConfiguration section */
		BF9630E928B692550009F536 /* Debug */ = {
			isa = XCBuildConfiguration;
			buildSettings = {
				ALWAYS_SEARCH_USER_PATHS = NO;
				CLANG_ANALYZER_NONNULL = YES;
				CLANG_ANALYZER_NUMBER_OBJECT_CONVERSION = YES_AGGRESSIVE;
				CLANG_CXX_LANGUAGE_STANDARD = "gnu++17";
				CLANG_ENABLE_MODULES = YES;
				CLANG_ENABLE_OBJC_ARC = YES;
				CLANG_ENABLE_OBJC_WEAK = YES;
				CLANG_WARN_BLOCK_CAPTURE_AUTORELEASING = YES;
				CLANG_WARN_BOOL_CONVERSION = YES;
				CLANG_WARN_COMMA = YES;
				CLANG_WARN_CONSTANT_CONVERSION = YES;
				CLANG_WARN_DEPRECATED_OBJC_IMPLEMENTATIONS = YES;
				CLANG_WARN_DIRECT_OBJC_ISA_USAGE = YES_ERROR;
				CLANG_WARN_DOCUMENTATION_COMMENTS = YES;
				CLANG_WARN_EMPTY_BODY = YES;
				CLANG_WARN_ENUM_CONVERSION = YES;
				CLANG_WARN_INFINITE_RECURSION = YES;
				CLANG_WARN_INT_CONVERSION = YES;
				CLANG_WARN_NON_LITERAL_NULL_CONVERSION = YES;
				CLANG_WARN_OBJC_IMPLICIT_RETAIN_SELF = YES;
				CLANG_WARN_OBJC_LITERAL_CONVERSION = YES;
				CLANG_WARN_OBJC_ROOT_CLASS = YES_ERROR;
				CLANG_WARN_QUOTED_INCLUDE_IN_FRAMEWORK_HEADER = YES;
				CLANG_WARN_RANGE_LOOP_ANALYSIS = YES;
				CLANG_WARN_STRICT_PROTOTYPES = YES;
				CLANG_WARN_SUSPICIOUS_MOVE = YES;
				CLANG_WARN_UNGUARDED_AVAILABILITY = YES_AGGRESSIVE;
				CLANG_WARN_UNREACHABLE_CODE = YES;
				CLANG_WARN__DUPLICATE_METHOD_MATCH = YES;
				COPY_PHASE_STRIP = NO;
				DEBUG_INFORMATION_FORMAT = dwarf;
				ENABLE_STRICT_OBJC_MSGSEND = YES;
				ENABLE_TESTABILITY = YES;
				GCC_C_LANGUAGE_STANDARD = gnu11;
				GCC_DYNAMIC_NO_PIC = NO;
				GCC_NO_COMMON_BLOCKS = YES;
				GCC_OPTIMIZATION_LEVEL = 0;
				GCC_PREPROCESSOR_DEFINITIONS = (
					"DEBUG=1",
					"$(inherited)",
				);
				GCC_WARN_64_TO_32_BIT_CONVERSION = YES;
				GCC_WARN_ABOUT_RETURN_TYPE = YES_ERROR;
				GCC_WARN_UNDECLARED_SELECTOR = YES;
				GCC_WARN_UNINITIALIZED_AUTOS = YES_AGGRESSIVE;
				GCC_WARN_UNUSED_FUNCTION = YES;
				GCC_WARN_UNUSED_VARIABLE = YES;
				IPHONEOS_DEPLOYMENT_TARGET = 15.5;
				MTL_ENABLE_DEBUG_INFO = INCLUDE_SOURCE;
				MTL_FAST_MATH = YES;
				ONLY_ACTIVE_ARCH = YES;
				SDKROOT = iphoneos;
				SWIFT_ACTIVE_COMPILATION_CONDITIONS = DEBUG;
				SWIFT_OPTIMIZATION_LEVEL = "-Onone";
			};
			name = Debug;
		};
		BF9630EA28B692550009F536 /* Release */ = {
			isa = XCBuildConfiguration;
			buildSettings = {
				ALWAYS_SEARCH_USER_PATHS = NO;
				CLANG_ANALYZER_NONNULL = YES;
				CLANG_ANALYZER_NUMBER_OBJECT_CONVERSION = YES_AGGRESSIVE;
				CLANG_CXX_LANGUAGE_STANDARD = "gnu++17";
				CLANG_ENABLE_MODULES = YES;
				CLANG_ENABLE_OBJC_ARC = YES;
				CLANG_ENABLE_OBJC_WEAK = YES;
				CLANG_WARN_BLOCK_CAPTURE_AUTORELEASING = YES;
				CLANG_WARN_BOOL_CONVERSION = YES;
				CLANG_WARN_COMMA = YES;
				CLANG_WARN_CONSTANT_CONVERSION = YES;
				CLANG_WARN_DEPRECATED_OBJC_IMPLEMENTATIONS = YES;
				CLANG_WARN_DIRECT_OBJC_ISA_USAGE = YES_ERROR;
				CLANG_WARN_DOCUMENTATION_COMMENTS = YES;
				CLANG_WARN_EMPTY_BODY = YES;
				CLANG_WARN_ENUM_CONVERSION = YES;
				CLANG_WARN_INFINITE_RECURSION = YES;
				CLANG_WARN_INT_CONVERSION = YES;
				CLANG_WARN_NON_LITERAL_NULL_CONVERSION = YES;
				CLANG_WARN_OBJC_IMPLICIT_RETAIN_SELF = YES;
				CLANG_WARN_OBJC_LITERAL_CONVERSION = YES;
				CLANG_WARN_OBJC_ROOT_CLASS = YES_ERROR;
				CLANG_WARN_QUOTED_INCLUDE_IN_FRAMEWORK_HEADER = YES;
				CLANG_WARN_RANGE_LOOP_ANALYSIS = YES;
				CLANG_WARN_STRICT_PROTOTYPES = YES;
				CLANG_WARN_SUSPICIOUS_MOVE = YES;
				CLANG_WARN_UNGUARDED_AVAILABILITY = YES_AGGRESSIVE;
				CLANG_WARN_UNREACHABLE_CODE = YES;
				CLANG_WARN__DUPLICATE_METHOD_MATCH = YES;
				COPY_PHASE_STRIP = NO;
				DEBUG_INFORMATION_FORMAT = "dwarf-with-dsym";
				ENABLE_NS_ASSERTIONS = NO;
				ENABLE_STRICT_OBJC_MSGSEND = YES;
				GCC_C_LANGUAGE_STANDARD = gnu11;
				GCC_NO_COMMON_BLOCKS = YES;
				GCC_WARN_64_TO_32_BIT_CONVERSION = YES;
				GCC_WARN_ABOUT_RETURN_TYPE = YES_ERROR;
				GCC_WARN_UNDECLARED_SELECTOR = YES;
				GCC_WARN_UNINITIALIZED_AUTOS = YES_AGGRESSIVE;
				GCC_WARN_UNUSED_FUNCTION = YES;
				GCC_WARN_UNUSED_VARIABLE = YES;
				IPHONEOS_DEPLOYMENT_TARGET = 15.5;
				MTL_ENABLE_DEBUG_INFO = NO;
				MTL_FAST_MATH = YES;
				SDKROOT = iphoneos;
				SWIFT_COMPILATION_MODE = wholemodule;
				SWIFT_OPTIMIZATION_LEVEL = "-O";
				VALIDATE_PRODUCT = YES;
			};
			name = Release;
		};
		BF9630EC28B692550009F536 /* Debug */ = {
			isa = XCBuildConfiguration;
			buildSettings = {
				ASSETCATALOG_COMPILER_APPICON_NAME = AppIcon;
				ASSETCATALOG_COMPILER_GLOBAL_ACCENT_COLOR_NAME = AccentColor;
				CODE_SIGN_STYLE = Automatic;
				CURRENT_PROJECT_VERSION = 1;
				DEVELOPMENT_ASSET_PATHS = "\"helloSwiftUI/Preview Content\"";
				DEVELOPMENT_TEAM = HGNXB64TGD;
				ENABLE_PREVIEWS = YES;
				GENERATE_INFOPLIST_FILE = YES;
				INFOPLIST_KEY_UIApplicationSceneManifest_Generation = YES;
				INFOPLIST_KEY_UIApplicationSupportsIndirectInputEvents = YES;
				INFOPLIST_KEY_UILaunchScreen_Generation = YES;
				INFOPLIST_KEY_UISupportedInterfaceOrientations_iPad = "UIInterfaceOrientationPortrait UIInterfaceOrientationPortraitUpsideDown UIInterfaceOrientationLandscapeLeft UIInterfaceOrientationLandscapeRight";
				INFOPLIST_KEY_UISupportedInterfaceOrientations_iPhone = "UIInterfaceOrientationPortrait UIInterfaceOrientationLandscapeLeft UIInterfaceOrientationLandscapeRight";
				LD_RUNPATH_SEARCH_PATHS = (
					"$(inherited)",
					"@executable_path/Frameworks",
				);
				MARKETING_VERSION = 1.0;
				PRODUCT_BUNDLE_IDENTIFIER = mmg.helloSwiftUI;
				PRODUCT_NAME = "$(TARGET_NAME)";
				SWIFT_EMIT_LOC_STRINGS = YES;
				SWIFT_VERSION = 5.0;
				TARGETED_DEVICE_FAMILY = "1,2";
			};
			name = Debug;
		};
		BF9630ED28B692550009F536 /* Release */ = {
			isa = XCBuildConfiguration;
			buildSettings = {
				ASSETCATALOG_COMPILER_APPICON_NAME = AppIcon;
				ASSETCATALOG_COMPILER_GLOBAL_ACCENT_COLOR_NAME = AccentColor;
				CODE_SIGN_STYLE = Automatic;
				CURRENT_PROJECT_VERSION = 1;
				DEVELOPMENT_ASSET_PATHS = "\"helloSwiftUI/Preview Content\"";
				DEVELOPMENT_TEAM = HGNXB64TGD;
				ENABLE_PREVIEWS = YES;
				GENERATE_INFOPLIST_FILE = YES;
				INFOPLIST_KEY_UIApplicationSceneManifest_Generation = YES;
				INFOPLIST_KEY_UIApplicationSupportsIndirectInputEvents = YES;
				INFOPLIST_KEY_UILaunchScreen_Generation = YES;
				INFOPLIST_KEY_UISupportedInterfaceOrientations_iPad = "UIInterfaceOrientationPortrait UIInterfaceOrientationPortraitUpsideDown UIInterfaceOrientationLandscapeLeft UIInterfaceOrientationLandscapeRight";
				INFOPLIST_KEY_UISupportedInterfaceOrientations_iPhone = "UIInterfaceOrientationPortrait UIInterfaceOrientationLandscapeLeft UIInterfaceOrientationLandscapeRight";
				LD_RUNPATH_SEARCH_PATHS = (
					"$(inherited)",
					"@executable_path/Frameworks",
				);
				MARKETING_VERSION = 1.0;
				PRODUCT_BUNDLE_IDENTIFIER = mmg.helloSwiftUI;
				PRODUCT_NAME = "$(TARGET_NAME)";
				SWIFT_EMIT_LOC_STRINGS = YES;
				SWIFT_VERSION = 5.0;
				TARGETED_DEVICE_FAMILY = "1,2";
			};
			name = Release;
		};
		BF9630EF28B692550009F536 /* Debug */ = {
			isa = XCBuildConfiguration;
			buildSettings = {
				ALWAYS_EMBED_SWIFT_STANDARD_LIBRARIES = YES;
				BUNDLE_LOADER = "$(TEST_HOST)";
				CODE_SIGN_STYLE = Automatic;
				CURRENT_PROJECT_VERSION = 1;
				DEVELOPMENT_TEAM = HGNXB64TGD;
				GENERATE_INFOPLIST_FILE = YES;
				IPHONEOS_DEPLOYMENT_TARGET = 15.5;
				MARKETING_VERSION = 1.0;
				PRODUCT_BUNDLE_IDENTIFIER = mmg.helloSwiftUITests;
				PRODUCT_NAME = "$(TARGET_NAME)";
				SWIFT_EMIT_LOC_STRINGS = NO;
				SWIFT_VERSION = 5.0;
				TARGETED_DEVICE_FAMILY = "1,2";
				TEST_HOST = "$(BUILT_PRODUCTS_DIR)/helloSwiftUI.app/helloSwiftUI";
			};
			name = Debug;
		};
		BF9630F028B692550009F536 /* Release */ = {
			isa = XCBuildConfiguration;
			buildSettings = {
				ALWAYS_EMBED_SWIFT_STANDARD_LIBRARIES = YES;
				BUNDLE_LOADER = "$(TEST_HOST)";
				CODE_SIGN_STYLE = Automatic;
				CURRENT_PROJECT_VERSION = 1;
				DEVELOPMENT_TEAM = HGNXB64TGD;
				GENERATE_INFOPLIST_FILE = YES;
				IPHONEOS_DEPLOYMENT_TARGET = 15.5;
				MARKETING_VERSION = 1.0;
				PRODUCT_BUNDLE_IDENTIFIER = mmg.helloSwiftUITests;
				PRODUCT_NAME = "$(TARGET_NAME)";
				SWIFT_EMIT_LOC_STRINGS = NO;
				SWIFT_VERSION = 5.0;
				TARGETED_DEVICE_FAMILY = "1,2";
				TEST_HOST = "$(BUILT_PRODUCTS_DIR)/helloSwiftUI.app/helloSwiftUI";
			};
			name = Release;
		};
		BF9630F228B692550009F536 /* Debug */ = {
			isa = XCBuildConfiguration;
			buildSettings = {
				ALWAYS_EMBED_SWIFT_STANDARD_LIBRARIES = YES;
				CODE_SIGN_STYLE = Automatic;
				CURRENT_PROJECT_VERSION = 1;
				DEVELOPMENT_TEAM = HGNXB64TGD;
				GENERATE_INFOPLIST_FILE = YES;
				MARKETING_VERSION = 1.0;
				PRODUCT_BUNDLE_IDENTIFIER = mmg.helloSwiftUIUITests;
				PRODUCT_NAME = "$(TARGET_NAME)";
				SWIFT_EMIT_LOC_STRINGS = NO;
				SWIFT_VERSION = 5.0;
				TARGETED_DEVICE_FAMILY = "1,2";
				TEST_TARGET_NAME = helloSwiftUI;
			};
			name = Debug;
		};
		BF9630F328B692550009F536 /* Release */ = {
			isa = XCBuildConfiguration;
			buildSettings = {
				ALWAYS_EMBED_SWIFT_STANDARD_LIBRARIES = YES;
				CODE_SIGN_STYLE = Automatic;
				CURRENT_PROJECT_VERSION = 1;
				DEVELOPMENT_TEAM = HGNXB64TGD;
				GENERATE_INFOPLIST_FILE = YES;
				MARKETING_VERSION = 1.0;
				PRODUCT_BUNDLE_IDENTIFIER = mmg.helloSwiftUIUITests;
				PRODUCT_NAME = "$(TARGET_NAME)";
				SWIFT_EMIT_LOC_STRINGS = NO;
				SWIFT_VERSION = 5.0;
				TARGETED_DEVICE_FAMILY = "1,2";
				TEST_TARGET_NAME = helloSwiftUI;
			};
			name = Release;
		};
/* End XCBuildConfiguration section */

/* Begin XCConfigurationList section */
		BF9630C228B692530009F536 /* Build configuration list for PBXProject "helloSwiftUI" */ = {
			isa = XCConfigurationList;
			buildConfigurations = (
				BF9630E928B692550009F536 /* Debug */,
				BF9630EA28B692550009F536 /* Release */,
			);
			defaultConfigurationIsVisible = 0;
			defaultConfigurationName = Release;
		};
		BF9630EB28B692550009F536 /* Build configuration list for PBXNativeTarget "helloSwiftUI" */ = {
			isa = XCConfigurationList;
			buildConfigurations = (
				BF9630EC28B692550009F536 /* Debug */,
				BF9630ED28B692550009F536 /* Release */,
			);
			defaultConfigurationIsVisible = 0;
			defaultConfigurationName = Release;
		};
		BF9630EE28B692550009F536 /* Build configuration list for PBXNativeTarget "helloSwiftUITests" */ = {
			isa = XCConfigurationList;
			buildConfigurations = (
				BF9630EF28B692550009F536 /* Debug */,
				BF9630F028B692550009F536 /* Release */,
			);
			defaultConfigurationIsVisible = 0;
			defaultConfigurationName = Release;
		};
		BF9630F128B692550009F536 /* Build configuration list for PBXNativeTarget "helloSwiftUIUITests" */ = {
			isa = XCConfigurationList;
			buildConfigurations = (
				BF9630F228B692550009F536 /* Debug */,
				BF9630F328B692550009F536 /* Release */,
			);
			defaultConfigurationIsVisible = 0;
			defaultConfigurationName = Release;
		};
/* End XCConfigurationList section */
	};
	rootObject = BF9630BF28B692530009F536 /* Project object */;
}
